
Microsoft Visual Studio Solution File, Format Version 12.00
# Visual Studio Version 16
VisualStudioVersion = 16.0.30517.126
MinimumVisualStudioVersion = 10.0.40219.1
Project("{FAE04EC0-301F-11D3-BF4B-00C04F79EFBC}") = "vs2019democonsole", "vs2019democonsole.csproj", "{5EBC2FDC-6574-4D57-B3D0-44984EC62F58}"
EndProject
Global
	GlobalSection(SolutionConfigurationPlatforms) = preSolution
		Debug|Any CPU = Debug|Any CPU
		Release|Any CPU = Release|Any CPU
	EndGlobalSection
	GlobalSection(ProjectConfigurationPlatforms) = postSolution
		{5EBC2FDC-6574-4D57-B3D0-44984EC62F58}.Debug|Any CPU.ActiveCfg = Debug|Any CPU
		{5EBC2FDC-6574-4D57-B3D0-44984EC62F58}.Debug|Any CPU.Build.0 = Debug|Any CPU
		{5EBC2FDC-6574-4D57-B3D0-44984EC62F58}.Release|Any CPU.ActiveCfg = Release|Any CPU
		{5EBC2FDC-6574-4D57-B3D0-44984EC62F58}.Release|Any CPU.Build.0 = Release|Any CPU
	EndGlobalSection
	GlobalSection(SolutionProperties) = preSolution
		HideSolutionNode = FALSE
	EndGlobalSection
	GlobalSection(ExtensibilityGlobals) = postSolution
		SolutionGuid = {92EA5817-E30E-420C-8EE2-0D7E9F8B4C45}
	EndGlobalSection
EndGlobal
